Microsoft Visual Studio Solution File, Format Version 12.00
# Visual Studio Version 17
VisualStudioVersion = 17.5.2.0
MinimumVisualStudioVersion = 10.0.40219.1
Project("{2150E333-8FDC-42A3-9474-1A3956D46DE8}") = "cs", "cs", "{043C5643-8786-2C14-4347-0E27D1FB2DA7}"
EndProject
Project("{FAE04EC0-301F-11D3-BF4B-00C04F79EFBC}") = "RefactoringToCleanCode", "cs\RefactoringToCleanCode\RefactoringToCleanCode.csproj", "{D2D7D746-927F-586E-EBBE-02ECEB0ED0F1}"
EndProject
Project("{FAE04EC0-301F-11D3-BF4B-00C04F79EFBC}") = "RefactoringToCleanCode.Tests", "cs\RefactoringToCleanCode.Tests\RefactoringToCleanCode.Tests.csproj", "{0E6369BF-212E-E0A3-238B-8B0C59CFCCE5}"
EndProject
Global
	GlobalSection(SolutionConfigurationPlatforms) = preSolution
		Debug|Any CPU = Debug|Any CPU
		Release|Any CPU = Release|Any CPU
	EndGlobalSection
	GlobalSection(ProjectConfigurationPlatforms) = postSolution
		{D2D7D746-927F-586E-EBBE-02ECEB0ED0F1}.Debug|Any CPU.ActiveCfg = Debug|Any CPU
		{D2D7D746-927F-586E-EBBE-02ECEB0ED0F1}.Debug|Any CPU.Build.0 = Debug|Any CPU
		{D2D7D746-927F-586E-EBBE-02ECEB0ED0F1}.Release|Any CPU.ActiveCfg = Release|Any CPU
		{D2D7D746-927F-586E-EBBE-02ECEB0ED0F1}.Release|Any CPU.Build.0 = Release|Any CPU
		{0E6369BF-212E-E0A3-238B-8B0C59CFCCE5}.Debug|Any CPU.ActiveCfg = Debug|Any CPU
		{0E6369BF-212E-E0A3-238B-8B0C59CFCCE5}.Debug|Any CPU.Build.0 = Debug|Any CPU
		{0E6369BF-212E-E0A3-238B-8B0C59CFCCE5}.Release|Any CPU.ActiveCfg = Release|Any CPU
		{0E6369BF-212E-E0A3-238B-8B0C59CFCCE5}.Release|Any CPU.Build.0 = Release|Any CPU
	EndGlobalSection
	GlobalSection(SolutionProperties) = preSolution
		HideSolutionNode = FALSE
	EndGlobalSection
	GlobalSection(NestedProjects) = preSolution
		{D2D7D746-927F-586E-EBBE-02ECEB0ED0F1} = {043C5643-8786-2C14-4347-0E27D1FB2DA7}
		{0E6369BF-212E-E0A3-238B-8B0C59CFCCE5} = {043C5643-8786-2C14-4347-0E27D1FB2DA7}
	EndGlobalSection
	GlobalSection(ExtensibilityGlobals) = postSolution
		SolutionGuid = {B2782693-AB1E-40FE-A0F7-D5CD02D09318}
	EndGlobalSection
EndGlobal
